
Microsoft Visual Studio Solution File, Format Version 12.00
# Visual Studio Version 17
VisualStudioVersion = 17.11.35327.3
MinimumVisualStudioVersion = 10.0.40219.1
Project("{2150E333-8FDC-42A3-9474-1A3956D46DE8}") = "Practices", "Practices", "{0722380B-8C42-4CAB-83D2-137852D88B62}"
EndProject
Project("{2150E333-8FDC-42A3-9474-1A3956D46DE8}") = "Pract. 01", "Pract. 01", "{819DE1E8-30CE-480A-A590-6313189C1599}"
EndProject
Project("{2150E333-8FDC-42A3-9474-1A3956D46DE8}") = "Pract. 02", "Pract. 02", "{71D9CA3C-0E5F-4BA6-B5BD-D3D26419406C}"
EndProject
Project("{8BC9CEB8-8B4A-11D0-8D11-00A0C91BC942}") = "Pract01.01", "Practices\Pract01\Pract01.01\Pract01.01.vcxproj", "{9A622D3A-5DC1-4854-A1BA-3F11CAC8D0ED}"
EndProject
Project("{8BC9CEB8-8B4A-11D0-8D11-00A0C91BC942}") = "Pract01.02", "Practices\Pract01\Pract01.02\Pract01.02.vcxproj", "{E2CF209D-D8FE-4B5A-BE79-1F6AE864226C}"
EndProject
Project("{2150E333-8FDC-42A3-9474-1A3956D46DE8}") = "Pract. 03", "Pract. 03", "{88D0D144-3D83-446C-BB7F-489BCDB8279E}"
EndProject
Project("{8BC9CEB8-8B4A-11D0-8D11-00A0C91BC942}") = "Pract03.01", "Practices\Pract03\Pract03.01\Pract03.01.vcxproj", "{ADBB3984-D4E1-46F8-AEAC-7D7754341202}"
EndProject
Project("{8BC9CEB8-8B4A-11D0-8D11-00A0C91BC942}") = "Pract02.00", "Practices\Pract02\Pract02.00\Pract02.00.vcxproj", "{CAA12FC2-2DB2-4ACD-AAB4-54632A4F33FA}"
EndProject
Project("{8BC9CEB8-8B4A-11D0-8D11-00A0C91BC942}") = "Pract02.01", "Practices\Pract02\Pract02.01\Pract02.01.vcxproj", "{87663A1E-276D-4E1C-9511-F7A0DFCE217F}"
EndProject
Project("{8BC9CEB8-8B4A-11D0-8D11-00A0C91BC942}") = "Pract02.02", "Practices\Pract02\Pract02.02\Pract02.02.vcxproj", "{A15856ED-EFB6-41DC-BB62-DF4B0D20B096}"
EndProject
Project("{8BC9CEB8-8B4A-11D0-8D11-00A0C91BC942}") = "Pract02.03", "Practices\Pract02\Pract02.03\Pract02.03.vcxproj", "{F0796064-6EF9-41FC-A5D9-97F8842CD732}"
EndProject
Project("{8BC9CEB8-8B4A-11D0-8D11-00A0C91BC942}") = "Pract02.04", "Practices\Pract02\Pract02.04\Pract02.04.vcxproj", "{1F417A67-F90F-4C79-8DB8-E3F4DC699F03}"
EndProject
Project("{8BC9CEB8-8B4A-11D0-8D11-00A0C91BC942}") = "Pract02.05", "Practices\Pract02\Pract02.05\Pract02.05.vcxproj", "{E7EF2ECE-5386-4EC4-8035-EC4F18C86221}"
EndProject
Global
	GlobalSection(SolutionConfigurationPlatforms) = preSolution
		Debug|x64 = Debug|x64
		Debug|x86 = Debug|x86
		Release|x64 = Release|x64
		Release|x86 = Release|x86
	EndGlobalSection
	GlobalSection(ProjectConfigurationPlatforms) = postSolution
		{9A622D3A-5DC1-4854-A1BA-3F11CAC8D0ED}.Debug|x64.ActiveCfg = Debug|x64
		{9A622D3A-5DC1-4854-A1BA-3F11CAC8D0ED}.Debug|x64.Build.0 = Debug|x64
		{9A622D3A-5DC1-4854-A1BA-3F11CAC8D0ED}.Debug|x86.ActiveCfg = Debug|Win32
		{9A622D3A-5DC1-4854-A1BA-3F11CAC8D0ED}.Debug|x86.Build.0 = Debug|Win32
		{9A622D3A-5DC1-4854-A1BA-3F11CAC8D0ED}.Release|x64.ActiveCfg = Release|x64
		{9A622D3A-5DC1-4854-A1BA-3F11CAC8D0ED}.Release|x64.Build.0 = Release|x64
		{9A622D3A-5DC1-4854-A1BA-3F11CAC8D0ED}.Release|x86.ActiveCfg = Release|Win32
		{9A622D3A-5DC1-4854-A1BA-3F11CAC8D0ED}.Release|x86.Build.0 = Release|Win32
		{E2CF209D-D8FE-4B5A-BE79-1F6AE864226C}.Debug|x64.ActiveCfg = Debug|x64
		{E2CF209D-D8FE-4B5A-BE79-1F6AE864226C}.Debug|x64.Build.0 = Debug|x64
		{E2CF209D-D8FE-4B5A-BE79-1F6AE864226C}.Debug|x86.ActiveCfg = Debug|Win32
		{E2CF209D-D8FE-4B5A-BE79-1F6AE864226C}.Debug|x86.Build.0 = Debug|Win32
		{E2CF209D-D8FE-4B5A-BE79-1F6AE864226C}.Release|x64.ActiveCfg = Release|x64
		{E2CF209D-D8FE-4B5A-BE79-1F6AE864226C}.Release|x64.Build.0 = Release|x64
		{E2CF209D-D8FE-4B5A-BE79-1F6AE864226C}.Release|x86.ActiveCfg = Release|Win32
		{E2CF209D-D8FE-4B5A-BE79-1F6AE864226C}.Release|x86.Build.0 = Release|Win32
		{ADBB3984-D4E1-46F8-AEAC-7D7754341202}.Debug|x64.ActiveCfg = Debug|x64
		{ADBB3984-D4E1-46F8-AEAC-7D7754341202}.Debug|x64.Build.0 = Debug|x64
		{ADBB3984-D4E1-46F8-AEAC-7D7754341202}.Debug|x86.ActiveCfg = Debug|Win32
		{ADBB3984-D4E1-46F8-AEAC-7D7754341202}.Debug|x86.Build.0 = Debug|Win32
		{ADBB3984-D4E1-46F8-AEAC-7D7754341202}.Release|x64.ActiveCfg = Release|x64
		{ADBB3984-D4E1-46F8-AEAC-7D7754341202}.Release|x64.Build.0 = Release|x64
		{ADBB3984-D4E1-46F8-AEAC-7D7754341202}.Release|x86.ActiveCfg = Release|Win32
		{ADBB3984-D4E1-46F8-AEAC-7D7754341202}.Release|x86.Build.0 = Release|Win32
		{CAA12FC2-2DB2-4ACD-AAB4-54632A4F33FA}.Debug|x64.ActiveCfg = Debug|x64
		{CAA12FC2-2DB2-4ACD-AAB4-54632A4F33FA}.Debug|x64.Build.0 = Debug|x64
		{CAA12FC2-2DB2-4ACD-AAB4-54632A4F33FA}.Debug|x86.ActiveCfg = Debug|Win32
		{CAA12FC2-2DB2-4ACD-AAB4-54632A4F33FA}.Debug|x86.Build.0 = Debug|Win32
		{CAA12FC2-2DB2-4ACD-AAB4-54632A4F33FA}.Release|x64.ActiveCfg = Release|x64
		{CAA12FC2-2DB2-4ACD-AAB4-54632A4F33FA}.Release|x64.Build.0 = Release|x64
		{CAA12FC2-2DB2-4ACD-AAB4-54632A4F33FA}.Release|x86.ActiveCfg = Release|Win32
		{CAA12FC2-2DB2-4ACD-AAB4-54632A4F33FA}.Release|x86.Build.0 = Release|Win32
		{87663A1E-276D-4E1C-9511-F7A0DFCE217F}.Debug|x64.ActiveCfg = Debug|x64
		{87663A1E-276D-4E1C-9511-F7A0DFCE217F}.Debug|x64.Build.0 = Debug|x64
		{87663A1E-276D-4E1C-9511-F7A0DFCE217F}.Debug|x86.ActiveCfg = Debug|Win32
		{87663A1E-276D-4E1C-9511-F7A0DFCE217F}.Debug|x86.Build.0 = Debug|Win32
		{87663A1E-276D-4E1C-9511-F7A0DFCE217F}.Release|x64.ActiveCfg = Release|x64
		{87663A1E-276D-4E1C-9511-F7A0DFCE217F}.Release|x64.Build.0 = Release|x64
		{87663A1E-276D-4E1C-9511-F7A0DFCE217F}.Release|x86.ActiveCfg = Release|Win32
		{87663A1E-276D-4E1C-9511-F7A0DFCE217F}.Release|x86.Build.0 = Release|Win32
		{A15856ED-EFB6-41DC-BB62-DF4B0D20B096}.Debug|x64.ActiveCfg = Debug|x64
		{A15856ED-EFB6-41DC-BB62-DF4B0D20B096}.Debug|x64.Build.0 = Debug|x64
		{A15856ED-EFB6-41DC-BB62-DF4B0D20B096}.Debug|x86.ActiveCfg = Debug|Win32
		{A15856ED-EFB6-41DC-BB62-DF4B0D20B096}.Debug|x86.Build.0 = Debug|Win32
		{A15856ED-EFB6-41DC-BB62-DF4B0D20B096}.Release|x64.ActiveCfg = Release|x64
		{A15856ED-EFB6-41DC-BB62-DF4B0D20B096}.Release|x64.Build.0 = Release|x64
		{A15856ED-EFB6-41DC-BB62-DF4B0D20B096}.Release|x86.ActiveCfg = Release|Win32
		{A15856ED-EFB6-41DC-BB62-DF4B0D20B096}.Release|x86.Build.0 = Release|Win32
		{F0796064-6EF9-41FC-A5D9-97F8842CD732}.Debug|x64.ActiveCfg = Debug|x64
		{F0796064-6EF9-41FC-A5D9-97F8842CD732}.Debug|x64.Build.0 = Debug|x64
		{F0796064-6EF9-41FC-A5D9-97F8842CD732}.Debug|x86.ActiveCfg = Debug|Win32
		{F0796064-6EF9-41FC-A5D9-97F8842CD732}.Debug|x86.Build.0 = Debug|Win32
		{F0796064-6EF9-41FC-A5D9-97F8842CD732}.Release|x64.ActiveCfg = Release|x64
		{F0796064-6EF9-41FC-A5D9-97F8842CD732}.Release|x64.Build.0 = Release|x64
		{F0796064-6EF9-41FC-A5D9-97F8842CD732}.Release|x86.ActiveCfg = Release|Win32
		{F0796064-6EF9-41FC-A5D9-97F8842CD732}.Release|x86.Build.0 = Release|Win32
		{1F417A67-F90F-4C79-8DB8-E3F4DC699F03}.Debug|x64.ActiveCfg = Debug|x64
		{1F417A67-F90F-4C79-8DB8-E3F4DC699F03}.Debug|x64.Build.0 = Debug|x64
		{1F417A67-F90F-4C79-8DB8-E3F4DC699F03}.Debug|x86.ActiveCfg = Debug|Win32
		{1F417A67-F90F-4C79-8DB8-E3F4DC699F03}.Debug|x86.Build.0 = Debug|Win32
		{1F417A67-F90F-4C79-8DB8-E3F4DC699F03}.Release|x64.ActiveCfg = Release|x64
		{1F417A67-F90F-4C79-8DB8-E3F4DC699F03}.Release|x64.Build.0 = Release|x64
		{1F417A67-F90F-4C79-8DB8-E3F4DC699F03}.Release|x86.ActiveCfg = Release|Win32
		{1F417A67-F90F-4C79-8DB8-E3F4DC699F03}.Release|x86.Build.0 = Release|Win32
		{E7EF2ECE-5386-4EC4-8035-EC4F18C86221}.Debug|x64.ActiveCfg = Debug|x64
		{E7EF2ECE-5386-4EC4-8035-EC4F18C86221}.Debug|x64.Build.0 = Debug|x64
		{E7EF2ECE-5386-4EC4-8035-EC4F18C86221}.Debug|x86.ActiveCfg = Debug|Win32
		{E7EF2ECE-5386-4EC4-8035-EC4F18C86221}.Debug|x86.Build.0 = Debug|Win32
		{E7EF2ECE-5386-4EC4-8035-EC4F18C86221}.Release|x64.ActiveCfg = Release|x64
		{E7EF2ECE-5386-4EC4-8035-EC4F18C86221}.Release|x64.Build.0 = Release|x64
		{E7EF2ECE-5386-4EC4-8035-EC4F18C86221}.Release|x86.ActiveCfg = Release|Win32
		{E7EF2ECE-5386-4EC4-8035-EC4F18C86221}.Release|x86.Build.0 = Release|Win32
	EndGlobalSection
	GlobalSection(SolutionProperties) = preSolution
		HideSolutionNode = FALSE
	EndGlobalSection
	GlobalSection(NestedProjects) = preSolution
		{819DE1E8-30CE-480A-A590-6313189C1599} = {0722380B-8C42-4CAB-83D2-137852D88B62}
		{71D9CA3C-0E5F-4BA6-B5BD-D3D26419406C} = {0722380B-8C42-4CAB-83D2-137852D88B62}
		{9A622D3A-5DC1-4854-A1BA-3F11CAC8D0ED} = {819DE1E8-30CE-480A-A590-6313189C1599}
		{E2CF209D-D8FE-4B5A-BE79-1F6AE864226C} = {819DE1E8-30CE-480A-A590-6313189C1599}
		{88D0D144-3D83-446C-BB7F-489BCDB8279E} = {0722380B-8C42-4CAB-83D2-137852D88B62}
		{ADBB3984-D4E1-46F8-AEAC-7D7754341202} = {88D0D144-3D83-446C-BB7F-489BCDB8279E}
		{CAA12FC2-2DB2-4ACD-AAB4-54632A4F33FA} = {71D9CA3C-0E5F-4BA6-B5BD-D3D26419406C}
		{87663A1E-276D-4E1C-9511-F7A0DFCE217F} = {71D9CA3C-0E5F-4BA6-B5BD-D3D26419406C}
		{A15856ED-EFB6-41DC-BB62-DF4B0D20B096} = {71D9CA3C-0E5F-4BA6-B5BD-D3D26419406C}
		{F0796064-6EF9-41FC-A5D9-97F8842CD732} = {71D9CA3C-0E5F-4BA6-B5BD-D3D26419406C}
		{1F417A67-F90F-4C79-8DB8-E3F4DC699F03} = {71D9CA3C-0E5F-4BA6-B5BD-D3D26419406C}
		{E7EF2ECE-5386-4EC4-8035-EC4F18C86221} = {71D9CA3C-0E5F-4BA6-B5BD-D3D26419406C}
	EndGlobalSection
	GlobalSection(ExtensibilityGlobals) = postSolution
		SolutionGuid = {226A357E-2464-4E70-9236-46CEC7898B9E}
	EndGlobalSection
EndGlobal
